github.com/WHITE-ILMARE/go_gateway/gateway_demos/proxy/load_balance v0.0.0-20220509142231-f6a4f4fad348 h1:iKODJosD1h9FJrmFsOctAiW+l+Hy3UGp1LqFsjuu8BU=
github.com/WHITE-ILMARE/go_gateway/gateway_demos/proxy/load_balance v0.0.0-20220509142231-f6a4f4fad348/go.mod h1:vVuRdqnLjCqfVpRdJWslAJwSikpTx1kRycjN1UdTDkw=
